
Microsoft Visual Studio Solution File, Format Version 12.00
Project("{FAE04EC0-301F-11D3-BF4B-00C04F79EFBC}") = "SimpleThreading", "SimpleThreading\SimpleThreading.csproj", "{A1358529-72B5-4E7D-9B8C-A88CECE01529}"
EndProject
Project("{FAE04EC0-301F-11D3-BF4B-00C04F79EFBC}") = "MultipleWorkersFromResource", "MultipleWorkersFromResource\MultipleWorkersFromResource.csproj", "{6305DED6-7471-4032-9C3C-1CE1F9C33BEF}"
EndProject
Project("{FAE04EC0-301F-11D3-BF4B-00C04F79EFBC}") = "MultiThreadedCounting", "MultiThreadedCounting\MultiThreadedCounting.csproj", "{3DBE4AFE-A19E-4F31-AD00-D2A6EE679611}"
EndProject
Global
	GlobalSection(SolutionConfigurationPlatforms) = preSolution
		Debug|Any CPU = Debug|Any CPU
		Release|Any CPU = Release|Any CPU
	EndGlobalSection
	GlobalSection(ProjectConfigurationPlatforms) = postSolution
		{A1358529-72B5-4E7D-9B8C-A88CECE01529}.Debug|Any CPU.ActiveCfg = Debug|Any CPU
		{A1358529-72B5-4E7D-9B8C-A88CECE01529}.Debug|Any CPU.Build.0 = Debug|Any CPU
		{A1358529-72B5-4E7D-9B8C-A88CECE01529}.Release|Any CPU.ActiveCfg = Release|Any CPU
		{A1358529-72B5-4E7D-9B8C-A88CECE01529}.Release|Any CPU.Build.0 = Release|Any CPU
		{6305DED6-7471-4032-9C3C-1CE1F9C33BEF}.Debug|Any CPU.ActiveCfg = Debug|Any CPU
		{6305DED6-7471-4032-9C3C-1CE1F9C33BEF}.Debug|Any CPU.Build.0 = Debug|Any CPU
		{6305DED6-7471-4032-9C3C-1CE1F9C33BEF}.Release|Any CPU.ActiveCfg = Release|Any CPU
		{6305DED6-7471-4032-9C3C-1CE1F9C33BEF}.Release|Any CPU.Build.0 = Release|Any CPU
		{3DBE4AFE-A19E-4F31-AD00-D2A6EE679611}.Debug|Any CPU.ActiveCfg = Debug|Any CPU
		{3DBE4AFE-A19E-4F31-AD00-D2A6EE679611}.Debug|Any CPU.Build.0 = Debug|Any CPU
		{3DBE4AFE-A19E-4F31-AD00-D2A6EE679611}.Release|Any CPU.ActiveCfg = Release|Any CPU
		{3DBE4AFE-A19E-4F31-AD00-D2A6EE679611}.Release|Any CPU.Build.0 = Release|Any CPU
	EndGlobalSection
EndGlobal
