
Microsoft Visual Studio Solution File, Format Version 12.00
# Visual Studio Version 17
VisualStudioVersion = 17.7.34221.43
MinimumVisualStudioVersion = 10.0.40219.1
Project("{9A19103F-16F7-4668-BE54-9A1E7A4F7556}") = "LINQ", "LINQ\LINQ.csproj", "{85C444D2-433D-4C8E-90D6-8255029C059F}"
EndProject
Project("{9A19103F-16F7-4668-BE54-9A1E7A4F7556}") = "PushToCallContext", "PushToCallContext\PushToCallContext.csproj", "{FB783D05-A33B-4D65-B6B6-8884295D0C06}"
EndProject
Project("{9A19103F-16F7-4668-BE54-9A1E7A4F7556}") = "Interlocked", "Interlocked\Interlocked.csproj", "{54DF50FE-ADA3-49A0-BF55-D4D6BAFEC471}"
EndProject
Project("{9A19103F-16F7-4668-BE54-9A1E7A4F7556}") = "ObjectConstruction", "ObjectConstruction\ObjectConstruction.csproj", "{32467675-D8DF-4C9C-80E6-9AA5A011BC39}"
EndProject
Project("{9A19103F-16F7-4668-BE54-9A1E7A4F7556}") = "TimeSpan", "TimeSpan\TimeSpan.csproj", "{6165FCF9-AD6C-44C5-9144-8BF1AF9B78F1}"
EndProject
Project("{9A19103F-16F7-4668-BE54-9A1E7A4F7556}") = "Moq", "Moq\Moq.csproj", "{A99CA136-75B3-4785-B051-A8CCB9261C40}"
EndProject
Project("{9A19103F-16F7-4668-BE54-9A1E7A4F7556}") = "MoqTests", "MoqTests\MoqTests.csproj", "{181B812A-AB0C-4BD4-AB8E-13BD40010D69}"
EndProject
Project("{9A19103F-16F7-4668-BE54-9A1E7A4F7556}") = "Nullable", "Nullable\Nullable.csproj", "{9C82CE37-9B57-4B82-8AB1-FC98078560E8}"
EndProject
Project("{FAE04EC0-301F-11D3-BF4B-00C04F79EFBC}") = "Stream", "Stream\Stream.csproj", "{920879DB-4AC1-42A1-908F-21956C438C6A}"
EndProject
Project("{FAE04EC0-301F-11D3-BF4B-00C04F79EFBC}") = "Locking", "Locking\Locking.csproj", "{7299A800-9A42-4339-875F-2D17A6981B7A}"
EndProject
Global
	GlobalSection(SolutionConfigurationPlatforms) = preSolution
		Debug|Any CPU = Debug|Any CPU
		Release|Any CPU = Release|Any CPU
	EndGlobalSection
	GlobalSection(ProjectConfigurationPlatforms) = postSolution
		{85C444D2-433D-4C8E-90D6-8255029C059F}.Debug|Any CPU.ActiveCfg = Debug|Any CPU
		{85C444D2-433D-4C8E-90D6-8255029C059F}.Debug|Any CPU.Build.0 = Debug|Any CPU
		{85C444D2-433D-4C8E-90D6-8255029C059F}.Release|Any CPU.ActiveCfg = Release|Any CPU
		{85C444D2-433D-4C8E-90D6-8255029C059F}.Release|Any CPU.Build.0 = Release|Any CPU
		{FB783D05-A33B-4D65-B6B6-8884295D0C06}.Debug|Any CPU.ActiveCfg = Debug|Any CPU
		{FB783D05-A33B-4D65-B6B6-8884295D0C06}.Debug|Any CPU.Build.0 = Debug|Any CPU
		{FB783D05-A33B-4D65-B6B6-8884295D0C06}.Release|Any CPU.ActiveCfg = Release|Any CPU
		{FB783D05-A33B-4D65-B6B6-8884295D0C06}.Release|Any CPU.Build.0 = Release|Any CPU
		{54DF50FE-ADA3-49A0-BF55-D4D6BAFEC471}.Debug|Any CPU.ActiveCfg = Debug|Any CPU
		{54DF50FE-ADA3-49A0-BF55-D4D6BAFEC471}.Debug|Any CPU.Build.0 = Debug|Any CPU
		{54DF50FE-ADA3-49A0-BF55-D4D6BAFEC471}.Release|Any CPU.ActiveCfg = Release|Any CPU
		{54DF50FE-ADA3-49A0-BF55-D4D6BAFEC471}.Release|Any CPU.Build.0 = Release|Any CPU
		{32467675-D8DF-4C9C-80E6-9AA5A011BC39}.Debug|Any CPU.ActiveCfg = Debug|Any CPU
		{32467675-D8DF-4C9C-80E6-9AA5A011BC39}.Debug|Any CPU.Build.0 = Debug|Any CPU
		{32467675-D8DF-4C9C-80E6-9AA5A011BC39}.Release|Any CPU.ActiveCfg = Release|Any CPU
		{32467675-D8DF-4C9C-80E6-9AA5A011BC39}.Release|Any CPU.Build.0 = Release|Any CPU
		{6165FCF9-AD6C-44C5-9144-8BF1AF9B78F1}.Debug|Any CPU.ActiveCfg = Debug|Any CPU
		{6165FCF9-AD6C-44C5-9144-8BF1AF9B78F1}.Debug|Any CPU.Build.0 = Debug|Any CPU
		{6165FCF9-AD6C-44C5-9144-8BF1AF9B78F1}.Release|Any CPU.ActiveCfg = Release|Any CPU
		{6165FCF9-AD6C-44C5-9144-8BF1AF9B78F1}.Release|Any CPU.Build.0 = Release|Any CPU
		{A99CA136-75B3-4785-B051-A8CCB9261C40}.Debug|Any CPU.ActiveCfg = Debug|Any CPU
		{A99CA136-75B3-4785-B051-A8CCB9261C40}.Debug|Any CPU.Build.0 = Debug|Any CPU
		{A99CA136-75B3-4785-B051-A8CCB9261C40}.Release|Any CPU.ActiveCfg = Release|Any CPU
		{A99CA136-75B3-4785-B051-A8CCB9261C40}.Release|Any CPU.Build.0 = Release|Any CPU
		{181B812A-AB0C-4BD4-AB8E-13BD40010D69}.Debug|Any CPU.ActiveCfg = Debug|Any CPU
		{181B812A-AB0C-4BD4-AB8E-13BD40010D69}.Debug|Any CPU.Build.0 = Debug|Any CPU
		{181B812A-AB0C-4BD4-AB8E-13BD40010D69}.Release|Any CPU.ActiveCfg = Release|Any CPU
		{181B812A-AB0C-4BD4-AB8E-13BD40010D69}.Release|Any CPU.Build.0 = Release|Any CPU
		{9C82CE37-9B57-4B82-8AB1-FC98078560E8}.Debug|Any CPU.ActiveCfg = Debug|Any CPU
		{9C82CE37-9B57-4B82-8AB1-FC98078560E8}.Debug|Any CPU.Build.0 = Debug|Any CPU
		{9C82CE37-9B57-4B82-8AB1-FC98078560E8}.Release|Any CPU.ActiveCfg = Release|Any CPU
		{9C82CE37-9B57-4B82-8AB1-FC98078560E8}.Release|Any CPU.Build.0 = Release|Any CPU
		{920879DB-4AC1-42A1-908F-21956C438C6A}.Debug|Any CPU.ActiveCfg = Debug|Any CPU
		{920879DB-4AC1-42A1-908F-21956C438C6A}.Debug|Any CPU.Build.0 = Debug|Any CPU
		{920879DB-4AC1-42A1-908F-21956C438C6A}.Release|Any CPU.ActiveCfg = Release|Any CPU
		{920879DB-4AC1-42A1-908F-21956C438C6A}.Release|Any CPU.Build.0 = Release|Any CPU
		{7299A800-9A42-4339-875F-2D17A6981B7A}.Debug|Any CPU.ActiveCfg = Debug|Any CPU
		{7299A800-9A42-4339-875F-2D17A6981B7A}.Debug|Any CPU.Build.0 = Debug|Any CPU
		{7299A800-9A42-4339-875F-2D17A6981B7A}.Release|Any CPU.ActiveCfg = Release|Any CPU
		{7299A800-9A42-4339-875F-2D17A6981B7A}.Release|Any CPU.Build.0 = Release|Any CPU
	EndGlobalSection
	GlobalSection(SolutionProperties) = preSolution
		HideSolutionNode = FALSE
	EndGlobalSection
	GlobalSection(ExtensibilityGlobals) = postSolution
		SolutionGuid = {E7E29EA8-E5A9-4E15-B590-C21BF0557DFE}
	EndGlobalSection
EndGlobal
